
Microsoft Visual Studio Solution File, Format Version 12.00
# Visual Studio Version 16
VisualStudioVersion = 16.0.31205.134
MinimumVisualStudioVersion = 10.0.40219.1
Project("{FAE04EC0-301F-11D3-BF4B-00C04F79EFBC}") = "asp-net-webpack.Core", "asp-net-webpack.Core\asp-net-webpack.Core.csproj", "{BFDD6D70-662D-4D84-A0C9-1F736B723C0D}"
EndProject
Project("{00D1A9C2-B5F0-4AF3-8072-F6C62B433612}") = "asp-net-webpack.Database", "asp-net-webpack.Database\asp-net-webpack.Database.sqlproj", "{ADFCD1C9-00CE-40CD-B8F0-F9E9DCC5B5EF}"
EndProject
Project("{FAE04EC0-301F-11D3-BF4B-00C04F79EFBC}") = "asp-net-webpack.Domain", "asp-net-webpack.Domain\asp-net-webpack.Domain.csproj", "{D647ED45-190B-4398-BFBF-3EAAC6783EEB}"
EndProject
Project("{FAE04EC0-301F-11D3-BF4B-00C04F79EFBC}") = "asp-net-webpack.Web", "asp-net-webpack.Web\asp-net-webpack.Web.csproj", "{31D8D4A2-489D-4168-BF19-3EDE8BCCDEF2}"
EndProject
Global
	GlobalSection(SolutionConfigurationPlatforms) = preSolution
		Debug|Any CPU = Debug|Any CPU
		Release|Any CPU = Release|Any CPU
	EndGlobalSection
	GlobalSection(ProjectConfigurationPlatforms) = postSolution
		{BFDD6D70-662D-4D84-A0C9-1F736B723C0D}.Debug|Any CPU.ActiveCfg = Debug|Any CPU
		{BFDD6D70-662D-4D84-A0C9-1F736B723C0D}.Debug|Any CPU.Build.0 = Debug|Any CPU
		{BFDD6D70-662D-4D84-A0C9-1F736B723C0D}.Release|Any CPU.ActiveCfg = Release|Any CPU
		{BFDD6D70-662D-4D84-A0C9-1F736B723C0D}.Release|Any CPU.Build.0 = Release|Any CPU
		{ADFCD1C9-00CE-40CD-B8F0-F9E9DCC5B5EF}.Debug|Any CPU.ActiveCfg = Debug|Any CPU
		{ADFCD1C9-00CE-40CD-B8F0-F9E9DCC5B5EF}.Debug|Any CPU.Build.0 = Debug|Any CPU
		{ADFCD1C9-00CE-40CD-B8F0-F9E9DCC5B5EF}.Debug|Any CPU.Deploy.0 = Debug|Any CPU
		{ADFCD1C9-00CE-40CD-B8F0-F9E9DCC5B5EF}.Release|Any CPU.ActiveCfg = Release|Any CPU
		{ADFCD1C9-00CE-40CD-B8F0-F9E9DCC5B5EF}.Release|Any CPU.Build.0 = Release|Any CPU
		{ADFCD1C9-00CE-40CD-B8F0-F9E9DCC5B5EF}.Release|Any CPU.Deploy.0 = Release|Any CPU
		{D647ED45-190B-4398-BFBF-3EAAC6783EEB}.Debug|Any CPU.ActiveCfg = Debug|Any CPU
		{D647ED45-190B-4398-BFBF-3EAAC6783EEB}.Debug|Any CPU.Build.0 = Debug|Any CPU
		{D647ED45-190B-4398-BFBF-3EAAC6783EEB}.Release|Any CPU.ActiveCfg = Release|Any CPU
		{D647ED45-190B-4398-BFBF-3EAAC6783EEB}.Release|Any CPU.Build.0 = Release|Any CPU
		{31D8D4A2-489D-4168-BF19-3EDE8BCCDEF2}.Debug|Any CPU.ActiveCfg = Debug|Any CPU
		{31D8D4A2-489D-4168-BF19-3EDE8BCCDEF2}.Debug|Any CPU.Build.0 = Debug|Any CPU
		{31D8D4A2-489D-4168-BF19-3EDE8BCCDEF2}.Release|Any CPU.ActiveCfg = Release|Any CPU
		{31D8D4A2-489D-4168-BF19-3EDE8BCCDEF2}.Release|Any CPU.Build.0 = Release|Any CPU
	EndGlobalSection
	GlobalSection(SolutionProperties) = preSolution
		HideSolutionNode = FALSE
	EndGlobalSection
	GlobalSection(ExtensibilityGlobals) = postSolution
		SolutionGuid = {AE9E2E4D-0725-4027-A400-393F59650FF4}
	EndGlobalSection
EndGlobal
